PODS:
  - CGXCustomStateTagsView (1.1.3)

DEPENDENCIES:
  - CGXCustomStateTagsView (from `../`)

EXTERNAL SOURCES:
  CGXCustomStateTagsView:
    :path: "../"

SPEC CHECKSUMS:
  CGXCustomStateTagsView: bd23719401d56fdfa5e047dbb412d1671003e708

PODFILE CHECKSUM: 88746040630b1f99802d8ca13c420a4134090670

COCOAPODS: 1.10.1
